PODS:
  - ClusterKit/Core (0.4.1)
  - ClusterKit/MapKit (0.4.1):
    - ClusterKit/Core
  - FCAlertView (1.4.0)
  - Firebase/Auth (6.18.0):
    - Firebase/CoreOnly
    - FirebaseAuth (~> 6.4.3)
  - Firebase/Core (6.18.0):
    - Firebase/CoreOnly
    - FirebaseAnalytics (= 6.3.0)
  - Firebase/CoreOnly (6.18.0):
    - FirebaseCore (= 6.6.3)
  - Firebase/Database (6.18.0):
    - Firebase/CoreOnly
    - FirebaseDatabase (~> 6.1.4)
  - Firebase/Storage (6.18.0):
    - Firebase/CoreOnly
    - FirebaseStorage (~> 3.5.0)
  - FirebaseAnalytics (6.3.0):
    - FirebaseCore (~> 6.6)
    - FirebaseInstallations (~> 1.1)
    - GoogleAppMeasurement (= 6.3.0)
    - GoogleUtilities/AppDelegateSwizzler (~> 6.0)
    - GoogleUtilities/MethodSwizzler (~> 6.0)
    - GoogleUtilities/Network (~> 6.0)
    - "GoogleUtilities/NSData+zlib (~> 6.0)"
    - nanopb (= 0.3.9011)
  - FirebaseAuth (6.4.3):
    - FirebaseAuthInterop (~> 1.0)
    - FirebaseCore (~> 6.6)
    - GoogleUtilities/AppDelegateSwizzler (~> 6.5)
    - GoogleUtilities/Environment (~> 6.5)
    - GTMSessionFetcher/Core (~> 1.1)
  - FirebaseAuthInterop (1.0.0)
  - FirebaseCore (6.6.3):
    - FirebaseCoreDiagnostics (~> 1.2)
    - FirebaseCoreDiagnosticsInterop (~> 1.2)
    - GoogleUtilities/Environment (~> 6.5)
    - GoogleUtilities/Logger (~> 6.5)
  - FirebaseCoreDiagnostics (1.2.1):
    - FirebaseCoreDiagnosticsInterop (~> 1.2)
    - GoogleDataTransportCCTSupport (~> 1.3)
    - GoogleUtilities/Environment (~> 6.5)
    - GoogleUtilities/Logger (~> 6.5)
    - nanopb (~> 0.3.901)
  - FirebaseCoreDiagnosticsInterop (1.2.0)
  - FirebaseDatabase (6.1.4):
    - FirebaseAuthInterop (~> 1.0)
    - FirebaseCore (~> 6.0)
    - leveldb-library (~> 1.22)
  - FirebaseInstallations (1.1.0):
    - FirebaseCore (~> 6.6)
    - GoogleUtilities/UserDefaults (~> 6.5)
    - PromisesObjC (~> 1.2)
  - FirebaseStorage (3.5.0):
    - FirebaseAuthInterop (~> 1.0)
    - FirebaseCore (~> 6.0)
    - GTMSessionFetcher/Core (~> 1.1)
  - GoogleAppMeasurement (6.3.0):
    - GoogleUtilities/AppDelegateSwizzler (~> 6.0)
    - GoogleUtilities/MethodSwizzler (~> 6.0)
    - GoogleUtilities/Network (~> 6.0)
    - "GoogleUtilities/NSData+zlib (~> 6.0)"
    - nanopb (= 0.3.9011)
  - GoogleDataTransport (4.0.1)
  - GoogleDataTransportCCTSupport (1.4.1):
    - GoogleDataTransport (~> 4.0)
    - nanopb (~> 0.3.901)
  - GoogleUtilities/AppDelegateSwizzler (6.5.1):
    - GoogleUtilities/Environment
    - GoogleUtilities/Logger
    - GoogleUtilities/Network
  - GoogleUtilities/Environment (6.5.1)
  - GoogleUtilities/Logger (6.5.1):
    - GoogleUtilities/Environment
  - GoogleUtilities/MethodSwizzler (6.5.1):
    - GoogleUtilities/Logger
  - GoogleUtilities/Network (6.5.1):
    - GoogleUtilities/Logger
    - "GoogleUtilities/NSData+zlib"
    - GoogleUtilities/Reachability
  - "GoogleUtilities/NSData+zlib (6.5.1)"
  - GoogleUtilities/Reachability (6.5.1):
    - GoogleUtilities/Logger
  - GoogleUtilities/UserDefaults (6.5.1):
    - GoogleUtilities/Logger
  - GTMSessionFetcher/Core (1.3.1)
  - Hero (1.5.0)
  - IHKeyboardAvoiding (4.7)
  - leveldb-library (1.22)
  - Mapbox-iOS-SDK (5.5.1)
  - MapboxCoreNavigation (0.39.0):
    - MapboxDirections.swift (~> 0.30.0)
    - MapboxMobileEvents (~> 0.9.5)
    - MapboxNavigationNative (~> 6.2.1)
    - Turf (~> 0.3.0)
  - MapboxDirections.swift (0.30.0):
    - Polyline (~> 4.2)
  - MapboxGeocoder.swift (0.12.0)
  - MapboxMobileEvents (0.9.5)
  - MapboxNavigation (0.39.0):
    - Mapbox-iOS-SDK (= 5.5.1)
    - MapboxCoreNavigation (= 0.39.0)
    - MapboxSpeech (~> 0.1.0)
    - Solar (~> 2.1)
  - MapboxNavigationNative (6.2.1)
  - MapboxSpeech (0.1.1)
  - nanopb (0.3.9011):
    - nanopb/decode (= 0.3.9011)
    - nanopb/encode (= 0.3.9011)
  - nanopb/decode (0.3.9011)
  - nanopb/encode (0.3.9011)
  - Pageboy (3.5.0)
  - Polyline (4.2.1)
  - PromisesObjC (1.2.8)
  - Realm (4.3.2):
    - Realm/Headers (= 4.3.2)
  - Realm/Headers (4.3.2)
  - RealmSwift (4.3.2):
    - Realm (= 4.3.2)
  - SkyFloatingLabelTextField (3.8.0)
  - Solar (2.1.0)
  - SwiftLocation (4.2.0)
  - SwiftyOnboard (1.3.8)
  - Turf (0.3.0)

DEPENDENCIES:
  - ClusterKit/MapKit
  - FCAlertView
  - Firebase/Auth
  - Firebase/Core
  - Firebase/Database
  - Firebase/Storage
  - Hero
  - IHKeyboardAvoiding
  - Mapbox-iOS-SDK
  - MapboxGeocoder.swift
  - MapboxNavigation
  - Pageboy
  - RealmSwift
  - SkyFloatingLabelTextField
  - SwiftLocation
  - SwiftyOnboard

SPEC REPOS:
  trunk:
    - ClusterKit
    - FCAlertView
    - Firebase
    - FirebaseAnalytics
    - FirebaseAuth
    - FirebaseAuthInterop
    - FirebaseCore
    - FirebaseCoreDiagnostics
    - FirebaseCoreDiagnosticsInterop
    - FirebaseDatabase
    - FirebaseInstallations
    - FirebaseStorage
    - GoogleAppMeasurement
    - GoogleDataTransport
    - GoogleDataTransportCCTSupport
    - GoogleUtilities
    - GTMSessionFetcher
    - Hero
    - IHKeyboardAvoiding
    - leveldb-library
    - Mapbox-iOS-SDK
    - MapboxCoreNavigation
    - MapboxDirections.swift
    - MapboxGeocoder.swift
    - MapboxMobileEvents
    - MapboxNavigation
    - MapboxNavigationNative
    - MapboxSpeech
    - nanopb
    - Pageboy
    - Polyline
    - PromisesObjC
    - Realm
    - RealmSwift
    - SkyFloatingLabelTextField
    - Solar
    - SwiftLocation
    - SwiftyOnboard
    - Turf

SPEC CHECKSUMS:
  ClusterKit: a52f2c5f79ca1c0b2db63c4f0cd51fdb3e2d8cba
  FCAlertView: fdddd63381898c1d1a5a20c9f084fbd2c6d12f8b
  Firebase: 0490eca762a72e4f1582319539153897f1508dee
  FirebaseAnalytics: 058d71e714a1a6804d9e0f25e3bb18e377a51579
  FirebaseAuth: 5ce2b03a3d7fe56b7a6e4c5ec7ff1522890b1d6f
  FirebaseAuthInterop: 0ffa57668be100582bb7643d4fcb7615496c41fc
  FirebaseCore: 78276943ad85e616dfa54dafa6c89512987d9d60
  FirebaseCoreDiagnostics: 2109d10c35e8289b1ee6cabf44d9ffb055620194
  FirebaseCoreDiagnosticsInterop: 296e2c5f5314500a850ad0b83e9e7c10b011a850
  FirebaseDatabase: 0144e0706a4761f1b0e8679572eba8095ddb59be
  FirebaseInstallations: 575cd32f2aec0feeb0e44f5d0110a09e5e60b47b
  FirebaseStorage: 6c5263796af3b1be82ed173598aade47535fe125
  GoogleAppMeasurement: 39ecba10918b21c83877d392246157f65db351cf
  GoogleDataTransport: 653963cf5be60fb59cf051e070f0836fdc305f81
  GoogleDataTransportCCTSupport: 84e4d4bbab642f2e9d83ee65d78aca2b5527d314
  GoogleUtilities: 06eb53bb579efe7099152735900dd04bf09e7275
  GTMSessionFetcher: cea130bbfe5a7edc8d06d3f0d17288c32ffe9925
  Hero: b7385b75e7259da62f4f85462f59a5082d66b058
  IHKeyboardAvoiding: 4cae0880c3975feffa278495df894c5166e71ad0
  leveldb-library: 55d93ee664b4007aac644a782d11da33fba316f7
  Mapbox-iOS-SDK: 051d78eb8beb4bd0601212a18ea3ba8608bae32f
  MapboxCoreNavigation: 3f31b3764415722f4962687c37e9bb8c58f631ef
  MapboxDirections.swift: 1c6df988c24b753888ebd9976d7c98632501a413
  MapboxGeocoder.swift: e8ca1fcdfb8f674cad390569199dccf3d807ff77
  MapboxMobileEvents: f6c21b2e59066c5c7093585de7c15adae3b63da0
  MapboxNavigation: ee70587f8cc1684908fe38cc792c3da373f9f7f8
  MapboxNavigationNative: 11dc22140f4698d3f26989f2b6379dc81ef0d4c1
  MapboxSpeech: 59b3984d3f433a443d24acf53097f918c5cc70f9
  nanopb: 18003b5e52dab79db540fe93fe9579f399bd1ccd
  Pageboy: 3794c578aae5fcce06e90b3ed4a0ad6b807d75bb
  Polyline: 0e9890790292741c8186201a536b6bb6a78d02dd
  PromisesObjC: c119f3cd559f50b7ae681fa59dc1acd19173b7e6
  Realm: 5e92902e2875dff4bb0fd02f67bb737c3d5db2bc
  RealmSwift: 9a360fc7bae04fc2e308a34fbd899d5faa2d6b22
  SkyFloatingLabelTextField: 5a338412114808e961fe2d14ea2c5452c8b6e4aa
  Solar: 2dc6e7cc39186cb0c8228fa08df76fb50c7d8f24
  SwiftLocation: 609ac8859f2c5d48a6cadd2a58c63b1dae02dc25
  SwiftyOnboard: de60e90c2af23dd61b01ec0c6a8d0be3370f857b
  Turf: c6bdf62d6a70c647874f295dd1cf4eefc0c3e9e6

PODFILE CHECKSUM: 20a19f1528c2460052e68aa21ece43e8f2df32c1

COCOAPODS: 1.8.4
